// !$*UTF8*$!
{
	archiveVersion = 1;
	classes = {
	};
	objectVersion = 46;
	objects = {

/* Begin PBXBuildFile section */
		1851DD6D1D17893E00DCA70C /* LZBChooseView.m in Sources */ = {isa = PBXBuildFile; fileRef = 1851DD6C1D17893E00DCA70C /* LZBChooseView.m */; };
		1851DD961D18302F00DCA70C /* LZBMenuListView.m in Sources */ = {isa = PBXBuildFile; fileRef = 1851DD951D18302F00DCA70C /* LZBMenuListView.m */; };
		1851DD9B1D1833F500DCA70C /* MenuListBg@2x.png in Resources */ = {isa = PBXBuildFile; fileRef = 1851DD981D1833F500DCA70C /* MenuListBg@2x.png */; };
		1851DD9C1D1833F500DCA70C /* MenuListBg@3x.png in Resources */ = {isa = PBXBuildFile; fileRef = 1851DD991D1833F500DCA70C /* MenuListBg@3x.png */; };
		1851DD9D1D1833F500DCA70C /* MenuLIstVIew_line.png in Resources */ = {isa = PBXBuildFile; fileRef = 1851DD9A1D1833F500DCA70C /* MenuLIstVIew_line.png */; };
		18574C161D16DD5F006E8E5E /* main.m in Sources */ = {isa = PBXBuildFile; fileRef = 18574C151D16DD5F006E8E5E /* main.m */; };
		18574C191D16DD5F006E8E5E /* AppDelegate.m in Sources */ = {isa = PBXBuildFile; fileRef = 18574C181D16DD5F006E8E5E /* AppDelegate.m */; };
		18574C1C1D16DD5F006E8E5E /* ViewController.m in Sources */ = {isa = PBXBuildFile; fileRef = 18574C1B1D16DD5F006E8E5E /* ViewController.m */; };
		18574C1F1D16DD5F006E8E5E /* Main.storyboard in Resources */ = {isa = PBXBuildFile; fileRef = 18574C1D1D16DD5F006E8E5E /* Main.storyboard */; };
		18574C211D16DD5F006E8E5E /* Assets.xcassets in Resources */ = {isa = PBXBuildFile; fileRef = 18574C201D16DD5F006E8E5E /* Assets.xcassets */; };
		18574C241D16DD5F006E8E5E /* LaunchScreen.storyboard in Resources */ = {isa = PBXBuildFile; fileRef = 18574C221D16DD5F006E8E5E /* LaunchScreen.storyboard */; };
		18574C311D16DE25006E8E5E /* LZBBaseModel.m in Sources */ = {isa = PBXBuildFile; fileRef = 18574C301D16DE25006E8E5E /* LZBBaseModel.m */; };
		18574C331D16DEE5006E8E5E /* foodsList.plist in Resources */ = {isa = PBXBuildFile; fileRef = 18574C321D16DEE5006E8E5E /* foodsList.plist */; };
		18574C3A1D16E674006E8E5E /* LZBFoodTableViewCell.m in Sources */ = {isa = PBXBuildFile; fileRef = 18574C381D16E674006E8E5E /* LZBFoodTableViewCell.m */; };
		18574C3B1D16E674006E8E5E /* LZBFoodTableViewCell.xib in Resources */ = {isa = PBXBuildFile; fileRef = 18574C391D16E674006E8E5E /* LZBFoodTableViewCell.xib */; };
		18ECE0C91D2006B9007F5CD6 /* UIView+Method.m in Sources */ = {isa = PBXBuildFile; fileRef = 18ECE0C81D2006B9007F5CD6 /* UIView+Method.m */; };
/* End PBXBuildFile section */

/* Begin PBXFileReference section */
		1851DD6B1D17893E00DCA70C /* LZBChooseView.h */ = {isa = PBXFileReference; fileEncoding = 4; lastKnownFileType = sourcecode.c.h; path = LZBChooseView.h; sourceTree = "<group>"; };
		1851DD6C1D17893E00DCA70C /* LZBChooseView.m */ = {isa = PBXFileReference; fileEncoding = 4; lastKnownFileType = sourcecode.c.objc; path = LZBChooseView.m; sourceTree = "<group>"; };
		1851DD941D18302F00DCA70C /* LZBMenuListView.h */ = {isa = PBXFileReference; fileEncoding = 4; lastKnownFileType = sourcecode.c.h; path = LZBMenuListView.h; sourceTree = "<group>"; };
		1851DD951D18302F00DCA70C /* LZBMenuListView.m */ = {isa = PBXFileReference; fileEncoding = 4; lastKnownFileType = sourcecode.c.objc; path = LZBMenuListView.m; sourceTree = "<group>"; };
		1851DD981D1833F500DCA70C /* MenuListBg@2x.png */ = {isa = PBXFileReference; lastKnownFileType = image.png; path = "MenuListBg@2x.png"; sourceTree = "<group>"; };
		1851DD991D1833F500DCA70C /* MenuListBg@3x.png */ = {isa = PBXFileReference; lastKnownFileType = image.png; path = "MenuListBg@3x.png"; sourceTree = "<group>"; };
		1851DD9A1D1833F500DCA70C /* MenuLIstVIew_line.png */ = {isa = PBXFileReference; lastKnownFileType = image.png; path = MenuLIstVIew_line.png; sourceTree = "<group>"; };
		18574C111D16DD5F006E8E5E /* LZBMeituanSort.app */ = {isa = PBXFileReference; explicitFileType = wrapper.application; includeInIndex = 0; path = LZBMeituanSort.app; sourceTree = BUILT_PRODUCTS_DIR; };
		18574C151D16DD5F006E8E5E /* main.m */ = {isa = PBXFileReference; lastKnownFileType = sourcecode.c.objc; path = main.m; sourceTree = "<group>"; };
		18574C171D16DD5F006E8E5E /* AppDelegate.h */ = {isa = PBXFileReference; lastKnownFileType = sourcecode.c.h; path = AppDelegate.h; sourceTree = "<group>"; };
		18574C181D16DD5F006E8E5E /* AppDelegate.m */ = {isa = PBXFileReference; lastKnownFileType = sourcecode.c.objc; path = AppDelegate.m; sourceTree = "<group>"; };
		18574C1A1D16DD5F006E8E5E /* ViewController.h */ = {isa = PBXFileReference; lastKnownFileType = sourcecode.c.h; path = ViewController.h; sourceTree = "<group>"; };
		18574C1B1D16DD5F006E8E5E /* ViewController.m */ = {isa = PBXFileReference; lastKnownFileType = sourcecode.c.objc; path = ViewController.m; sourceTree = "<group>"; };
		18574C1E1D16DD5F006E8E5E /* Base */ = {isa = PBXFileReference; lastKnownFileType = file.storyboard; name = Base; path = Base.lproj/Main.storyboard; sourceTree = "<group>"; };
		18574C201D16DD5F006E8E5E /* Assets.xcassets */ = {isa = PBXFileReference; lastKnownFileType = folder.assetcatalog; path = Assets.xcassets; sourceTree = "<group>"; };
		18574C231D16DD5F006E8E5E /* Base */ = {isa = PBXFileReference; lastKnownFileType = file.storyboard; name = Base; path = Base.lproj/LaunchScreen.storyboard; sourceTree = "<group>"; };
		18574C251D16DD5F006E8E5E /* Info.plist */ = {isa = PBXFileReference; lastKnownFileType = text.plist.xml; path = Info.plist; sourceTree = "<group>"; };
		18574C2F1D16DE25006E8E5E /* LZBBaseModel.h */ = {isa = PBXFileReference; fileEncoding = 4; lastKnownFileType = sourcecode.c.h; path = LZBBaseModel.h; sourceTree = "<group>"; };
		18574C301D16DE25006E8E5E /* LZBBaseModel.m */ = {isa = PBXFileReference; fileEncoding = 4; lastKnownFileType = sourcecode.c.objc; path = LZBBaseModel.m; sourceTree = "<group>"; };
		18574C321D16DEE5006E8E5E /* foodsList.plist */ = {isa = PBXFileReference; fileEncoding = 4; lastKnownFileType = text.plist.xml; path = foodsList.plist; sourceTree = "<group>"; };
		18574C371D16E674006E8E5E /* LZBFoodTableViewCell.h */ = {isa = PBXFileReference; fileEncoding = 4; lastKnownFileType = sourcecode.c.h; path = LZBFoodTableViewCell.h; sourceTree = "<group>"; };
		18574C381D16E674006E8E5E /* LZBFoodTableViewCell.m */ = {isa = PBXFileReference; fileEncoding = 4; lastKnownFileType = sourcecode.c.objc; path = LZBFoodTableViewCell.m; sourceTree = "<group>"; };
		18574C391D16E674006E8E5E /* LZBFoodTableViewCell.xib */ = {isa = PBXFileReference; fileEncoding = 4; lastKnownFileType = file.xib; path = LZBFoodTableViewCell.xib; sourceTree = "<group>"; };
		18ECE0C71D2006B9007F5CD6 /* UIView+Method.h */ = {isa = PBXFileReference; fileEncoding = 4; lastKnownFileType = sourcecode.c.h; path = "UIView+Method.h"; sourceTree = "<group>"; };
		18ECE0C81D2006B9007F5CD6 /* UIView+Method.m */ = {isa = PBXFileReference; fileEncoding = 4; lastKnownFileType = sourcecode.c.objc; path = "UIView+Method.m"; sourceTree = "<group>"; };
/* End PBXFileReference section */

/* Begin PBXFrameworksBuildPhase section */
		18574C0E1D16DD5F006E8E5E /* Frameworks */ = {
			isa = PBXFrameworksBuildPhase;
			buildActionMask = 2147483647;
			files = (
			);
			runOnlyForDeploymentPostprocessing = 0;
		};
/* End PBXFrameworksBuildPhase section */

/* Begin PBXGroup section */
		1851DD971D1833E400DCA70C /* Resource */ = {
			isa = PBXGroup;
			children = (
				1851DD981D1833F500DCA70C /* MenuListBg@2x.png */,
				1851DD991D1833F500DCA70C /* MenuListBg@3x.png */,
				1851DD9A1D1833F500DCA70C /* MenuLIstVIew_line.png */,
			);
			path = Resource;
			sourceTree = "<group>";
		};
		18574C081D16DD5F006E8E5E = {
			isa = PBXGroup;
			children = (
				18574C131D16DD5F006E8E5E /* LZBMeituanSort */,
				18574C121D16DD5F006E8E5E /* Products */,
			);
			sourceTree = "<group>";
		};
		18574C121D16DD5F006E8E5E /* Products */ = {
			isa = PBXGroup;
			children = (
				18574C111D16DD5F006E8E5E /* LZBMeituanSort.app */,
			);
			name = Products;
			sourceTree = "<group>";
		};
		18574C131D16DD5F006E8E5E /* LZBMeituanSort */ = {
			isa = PBXGroup;
			children = (
				18574C2B1D16DE16006E8E5E /* Class */,
				18574C171D16DD5F006E8E5E /* AppDelegate.h */,
				18574C181D16DD5F006E8E5E /* AppDelegate.m */,
				18574C1A1D16DD5F006E8E5E /* ViewController.h */,
				18574C1B1D16DD5F006E8E5E /* ViewController.m */,
				18574C1D1D16DD5F006E8E5E /* Main.storyboard */,
				18574C201D16DD5F006E8E5E /* Assets.xcassets */,
				18574C221D16DD5F006E8E5E /* LaunchScreen.storyboard */,
				18574C251D16DD5F006E8E5E /* Info.plist */,
				18574C141D16DD5F006E8E5E /* Supporting Files */,
			);
			path = LZBMeituanSort;
			sourceTree = "<group>";
		};
		18574C141D16DD5F006E8E5E /* Supporting Files */ = {
			isa = PBXGroup;
			children = (
				18574C151D16DD5F006E8E5E /* main.m */,
			);
			name = "Supporting Files";
			sourceTree = "<group>";
		};
		18574C2B1D16DE16006E8E5E /* Class */ = {
			isa = PBXGroup;
			children = (
				18ECE0C61D200683007F5CD6 /* Category */,
				1851DD971D1833E400DCA70C /* Resource */,
				18574C2C1D16DE16006E8E5E /* Model */,
				18574C2D1D16DE16006E8E5E /* View */,
				18574C2E1D16DE16006E8E5E /* ViewController */,
			);
			path = Class;
			sourceTree = "<group>";
		};
		18574C2C1D16DE16006E8E5E /* Model */ = {
			isa = PBXGroup;
			children = (
				18574C2F1D16DE25006E8E5E /* LZBBaseModel.h */,
				18574C301D16DE25006E8E5E /* LZBBaseModel.m */,
				18574C321D16DEE5006E8E5E /* foodsList.plist */,
			);
			path = Model;
			sourceTree = "<group>";
		};
		18574C2D1D16DE16006E8E5E /* View */ = {
			isa = PBXGroup;
			children = (
				18574C371D16E674006E8E5E /* LZBFoodTableViewCell.h */,
				18574C381D16E674006E8E5E /* LZBFoodTableViewCell.m */,
				18574C391D16E674006E8E5E /* LZBFoodTableViewCell.xib */,
				1851DD6B1D17893E00DCA70C /* LZBChooseView.h */,
				1851DD6C1D17893E00DCA70C /* LZBChooseView.m */,
				1851DD941D18302F00DCA70C /* LZBMenuListView.h */,
				1851DD951D18302F00DCA70C /* LZBMenuListView.m */,
			);
			path = View;
			sourceTree = "<group>";
		};
		18574C2E1D16DE16006E8E5E /* ViewController */ = {
			isa = PBXGroup;
			children = (
			);
			path = ViewController;
			sourceTree = "<group>";
		};
		18ECE0C61D200683007F5CD6 /* Category */ = {
			isa = PBXGroup;
			children = (
				18ECE0C71D2006B9007F5CD6 /* UIView+Method.h */,
				18ECE0C81D2006B9007F5CD6 /* UIView+Method.m */,
			);
			path = Category;
			sourceTree = "<group>";
		};
/* End PBXGroup section */

/* Begin PBXNativeTarget section */
		18574C101D16DD5F006E8E5E /* LZBMeituanSort */ = {
			isa = PBXNativeTarget;
			buildConfigurationList = 18574C281D16DD5F006E8E5E /* Build configuration list for PBXNativeTarget "LZBMeituanSort" */;
			buildPhases = (
				18574C0D1D16DD5F006E8E5E /* Sources */,
				18574C0E1D16DD5F006E8E5E /* Frameworks */,
				18574C0F1D16DD5F006E8E5E /* Resources */,
			);
			buildRules = (
			);
			dependencies = (
			);
			name = LZBMeituanSort;
			productName = LZBMeituanSort;
			productReference = 18574C111D16DD5F006E8E5E /* LZBMeituanSort.app */;
			productType = "com.apple.product-type.application";
		};
/* End PBXNativeTarget section */

/* Begin PBXProject section */
		18574C091D16DD5F006E8E5E /* Project object */ = {
			isa = PBXProject;
			attributes = {
				LastUpgradeCheck = 0730;
				ORGANIZATIONNAME = apple;
				TargetAttributes = {
					18574C101D16DD5F006E8E5E = {
						CreatedOnToolsVersion = 7.3.1;
					};
				};
			};
			buildConfigurationList = 18574C0C1D16DD5F006E8E5E /* Build configuration list for PBXProject "LZBMeituanSort" */;
			compatibilityVersion = "Xcode 3.2";
			developmentRegion = English;
			hasScannedForEncodings = 0;
			knownRegions = (
				en,
				Base,
			);
			mainGroup = 18574C081D16DD5F006E8E5E;
			productRefGroup = 18574C121D16DD5F006E8E5E /* Products */;
			projectDirPath = "";
			projectRoot = "";
			targets = (
				18574C101D16DD5F006E8E5E /* LZBMeituanSort */,
			);
		};
/* End PBXProject section */

/* Begin PBXResourcesBuildPhase section */
		18574C0F1D16DD5F006E8E5E /* Resources */ = {
			isa = PBXResourcesBuildPhase;
			buildActionMask = 2147483647;
			files = (
				1851DD9B1D1833F500DCA70C /* MenuListBg@2x.png in Resources */,
				18574C331D16DEE5006E8E5E /* foodsList.plist in Resources */,
				18574C241D16DD5F006E8E5E /* LaunchScreen.storyboard in Resources */,
				1851DD9D1D1833F500DCA70C /* MenuLIstVIew_line.png in Resources */,
				18574C211D16DD5F006E8E5E /* Assets.xcassets in Resources */,
				1851DD9C1D1833F500DCA70C /* MenuListBg@3x.png in Resources */,
				18574C3B1D16E674006E8E5E /* LZBFoodTableViewCell.xib in Resources */,
				18574C1F1D16DD5F006E8E5E /* Main.storyboard in Resources */,
			);
			runOnlyForDeploymentPostprocessing = 0;
		};
/* End PBXResourcesBuildPhase section */

/* Begin PBXSourcesBuildPhase section */
		18574C0D1D16DD5F006E8E5E /* Sources */ = {
			isa = PBXSourcesBuildPhase;
			buildActionMask = 2147483647;
			files = (
				1851DD6D1D17893E00DCA70C /* LZBChooseView.m in Sources */,
				18574C1C1D16DD5F006E8E5E /* ViewController.m in Sources */,
				18574C3A1D16E674006E8E5E /* LZBFoodTableViewCell.m in Sources */,
				18574C311D16DE25006E8E5E /* LZBBaseModel.m in Sources */,
				18574C191D16DD5F006E8E5E /* AppDelegate.m in Sources */,
				1851DD961D18302F00DCA70C /* LZBMenuListView.m in Sources */,
				18574C161D16DD5F006E8E5E /* main.m in Sources */,
				18ECE0C91D2006B9007F5CD6 /* UIView+Method.m in Sources */,
			);
			runOnlyForDeploymentPostprocessing = 0;
		};
/* End PBXSourcesBuildPhase section */

/* Begin PBXVariantGroup section */
		18574C1D1D16DD5F006E8E5E /* Main.storyboard */ = {
			isa = PBXVariantGroup;
			children = (
				18574C1E1D16DD5F006E8E5E /* Base */,
			);
			name = Main.storyboard;
			sourceTree = "<group>";
		};
		18574C221D16DD5F006E8E5E /* LaunchScreen.storyboard */ = {
			isa = PBXVariantGroup;
			children = (
				18574C231D16DD5F006E8E5E /* Base */,
			);
			name = LaunchScreen.storyboard;
			sourceTree = "<group>";
		};
/* End PBXVariantGroup section */

/* Begin XCBuildConfiguration section */
		18574C261D16DD5F006E8E5E /* Debug */ = {
			isa = XCBuildConfiguration;
			buildSettings = {
				ALWAYS_SEARCH_USER_PATHS = NO;
				CLANG_ANALYZER_NONNULL = YES;
				CLANG_CXX_LANGUAGE_STANDARD = "gnu++0x";
				CLANG_CXX_LIBRARY = "libc++";
				CLANG_ENABLE_MODULES = YES;
				CLANG_ENABLE_OBJC_ARC = YES;
				CLANG_WARN_BOOL_CONVERSION = YES;
				CLANG_WARN_CONSTANT_CONVERSION = YES;
				CLANG_WARN_DIRECT_OBJC_ISA_USAGE = YES_ERROR;
				CLANG_WARN_EMPTY_BODY = YES;
				CLANG_WARN_ENUM_CONVERSION = YES;
				CLANG_WARN_INT_CONVERSION = YES;
				CLANG_WARN_OBJC_ROOT_CLASS = YES_ERROR;
				CLANG_WARN_UNREACHABLE_CODE = YES;
				CLANG_WARN__DUPLICATE_METHOD_MATCH = YES;
				"CODE_SIGN_IDENTITY[sdk=iphoneos*]" = "iPhone Developer";
				COPY_PHASE_STRIP = NO;
				DEBUG_INFORMATION_FORMAT = dwarf;
				ENABLE_STRICT_OBJC_MSGSEND = YES;
				ENABLE_TESTABILITY = YES;
				GCC_C_LANGUAGE_STANDARD = gnu99;
				GCC_DYNAMIC_NO_PIC = NO;
				GCC_NO_COMMON_BLOCKS = YES;
				GCC_OPTIMIZATION_LEVEL = 0;
				GCC_PREPROCESSOR_DEFINITIONS = (
					"DEBUG=1",
					"$(inherited)",
				);
				GCC_WARN_64_TO_32_BIT_CONVERSION = YES;
				GCC_WARN_ABOUT_RETURN_TYPE = YES_ERROR;
				GCC_WARN_UNDECLARED_SELECTOR = YES;
				GCC_WARN_UNINITIALIZED_AUTOS = YES_AGGRESSIVE;
				GCC_WARN_UNUSED_FUNCTION = YES;
				GCC_WARN_UNUSED_VARIABLE = YES;
				IPHONEOS_DEPLOYMENT_TARGET = 9.3;
				MTL_ENABLE_DEBUG_INFO = YES;
				ONLY_ACTIVE_ARCH = YES;
				SDKROOT = iphoneos;
			};
			name = Debug;
		};
		18574C271D16DD5F006E8E5E /* Release */ = {
			isa = XCBuildConfiguration;
			buildSettings = {
				ALWAYS_SEARCH_USER_PATHS = NO;
				CLANG_ANALYZER_NONNULL = YES;
				CLANG_CXX_LANGUAGE_STANDARD = "gnu++0x";
				CLANG_CXX_LIBRARY = "libc++";
				CLANG_ENABLE_MODULES = YES;
				CLANG_ENABLE_OBJC_ARC = YES;
				CLANG_WARN_BOOL_CONVERSION = YES;
				CLANG_WARN_CONSTANT_CONVERSION = YES;
				CLANG_WARN_DIRECT_OBJC_ISA_USAGE = YES_ERROR;
				CLANG_WARN_EMPTY_BODY = YES;
				CLANG_WARN_ENUM_CONVERSION = YES;
				CLANG_WARN_INT_CONVERSION = YES;
				CLANG_WARN_OBJC_ROOT_CLASS = YES_ERROR;
				CLANG_WARN_UNREACHABLE_CODE = YES;
				CLANG_WARN__DUPLICATE_METHOD_MATCH = YES;
				"CODE_SIGN_IDENTITY[sdk=iphoneos*]" = "iPhone Developer";
				COPY_PHASE_STRIP = NO;
				DEBUG_INFORMATION_FORMAT = "dwarf-with-dsym";
				ENABLE_NS_ASSERTIONS = NO;
				ENABLE_STRICT_OBJC_MSGSEND = YES;
				GCC_C_LANGUAGE_STANDARD = gnu99;
				GCC_NO_COMMON_BLOCKS = YES;
				GCC_WARN_64_TO_32_BIT_CONVERSION = YES;
				GCC_WARN_ABOUT_RETURN_TYPE = YES_ERROR;
				GCC_WARN_UNDECLARED_SELECTOR = YES;
				GCC_WARN_UNINITIALIZED_AUTOS = YES_AGGRESSIVE;
				GCC_WARN_UNUSED_FUNCTION = YES;
				GCC_WARN_UNUSED_VARIABLE = YES;
				IPHONEOS_DEPLOYMENT_TARGET = 9.3;
				MTL_ENABLE_DEBUG_INFO = NO;
				SDKROOT = iphoneos;
				VALIDATE_PRODUCT = YES;
			};
			name = Release;
		};
		18574C291D16DD5F006E8E5E /* Debug */ = {
			isa = XCBuildConfiguration;
			buildSettings = {
				ASSETCATALOG_COMPILER_APPICON_NAME = AppIcon;
				INFOPLIST_FILE = LZBMeituanSort/Info.plist;
				LD_RUNPATH_SEARCH_PATHS = "$(inherited) @executable_path/Frameworks";
				PRODUCT_BUNDLE_IDENTIFIER = "-23334.LZBMeituanSort";
				PRODUCT_NAME = "$(TARGET_NAME)";
			};
			name = Debug;
		};
		18574C2A1D16DD5F006E8E5E /* Release */ = {
			isa = XCBuildConfiguration;
			buildSettings = {
				ASSETCATALOG_COMPILER_APPICON_NAME = AppIcon;
				INFOPLIST_FILE = LZBMeituanSort/Info.plist;
				LD_RUNPATH_SEARCH_PATHS = "$(inherited) @executable_path/Frameworks";
				PRODUCT_BUNDLE_IDENTIFIER = "-23334.LZBMeituanSort";
				PRODUCT_NAME = "$(TARGET_NAME)";
			};
			name = Release;
		};
/* End XCBuildConfiguration section */

/* Begin XCConfigurationList section */
		18574C0C1D16DD5F006E8E5E /* Build configuration list for PBXProject "LZBMeituanSort" */ = {
			isa = XCConfigurationList;
			buildConfigurations = (
				18574C261D16DD5F006E8E5E /* Debug */,
				18574C271D16DD5F006E8E5E /* Release */,
			);
			defaultConfigurationIsVisible = 0;
			defaultConfigurationName = Release;
		};
		18574C281D16DD5F006E8E5E /* Build configuration list for PBXNativeTarget "LZBMeituanSort" */ = {
			isa = XCConfigurationList;
			buildConfigurations = (
				18574C291D16DD5F006E8E5E /* Debug */,
				18574C2A1D16DD5F006E8E5E /* Release */,
			);
			defaultConfigurationIsVisible = 0;
			defaultConfigurationName = Release;
		};
/* End XCConfigurationList section */
	};
	rootObject = 18574C091D16DD5F006E8E5E /* Project object */;
}
